
Microsoft Visual Studio Solution File, Format Version 12.00
# Visual Studio Version 16
VisualStudioVersion = 16.0.34931.43
MinimumVisualStudioVersion = 10.0.40219.1
Project("{FAE04EC0-301F-11D3-BF4B-00C04F79EFBC}") = "Компьютерный практикум", "Компьютерный практикум.csproj", "{D11E03B5-8D78-47E5-AE8C-BA7C5A99D937}"
EndProject
Global
	GlobalSection(SolutionConfigurationPlatforms) = preSolution
		Debug|Any CPU = Debug|Any CPU
		Release|Any CPU = Release|Any CPU
	EndGlobalSection
	GlobalSection(ProjectConfigurationPlatforms) = postSolution
		{D11E03B5-8D78-47E5-AE8C-BA7C5A99D937}.Debug|Any CPU.ActiveCfg = Debug|Any CPU
		{D11E03B5-8D78-47E5-AE8C-BA7C5A99D937}.Debug|Any CPU.Build.0 = Debug|Any CPU
		{D11E03B5-8D78-47E5-AE8C-BA7C5A99D937}.Release|Any CPU.ActiveCfg = Release|Any CPU
		{D11E03B5-8D78-47E5-AE8C-BA7C5A99D937}.Release|Any CPU.Build.0 = Release|Any CPU
	EndGlobalSection
	GlobalSection(SolutionProperties) = preSolution
		HideSolutionNode = FALSE
	EndGlobalSection
	GlobalSection(ExtensibilityGlobals) = postSolution
		SolutionGuid = {301B17F4-EA53-47FB-A98B-3A8AF44E45C6}
	EndGlobalSection
EndGlobal
